
Microsoft Visual Studio Solution File, Format Version 12.00
# Visual Studio Version 16
VisualStudioVersion = 16.0.31410.357
MinimumVisualStudioVersion = 10.0.40219.1
Project("{FAE04EC0-301F-11D3-BF4B-00C04F79EFBC}") = "MyFirstWebApplication", "MyFirstWebApplication\MyFirstWebApplication.csproj", "{5A66B0B6-2B64-4415-8D2B-D96ABBDADAD8}"
EndProject
Global
	GlobalSection(SolutionConfigurationPlatforms) = preSolution
		Debug|Any CPU = Debug|Any CPU
		Release|Any CPU = Release|Any CPU
	EndGlobalSection
	GlobalSection(ProjectConfigurationPlatforms) = postSolution
		{5A66B0B6-2B64-4415-8D2B-D96ABBDADAD8}.Debug|Any CPU.ActiveCfg = Debug|Any CPU
		{5A66B0B6-2B64-4415-8D2B-D96ABBDADAD8}.Debug|Any CPU.Build.0 = Debug|Any CPU
		{5A66B0B6-2B64-4415-8D2B-D96ABBDADAD8}.Release|Any CPU.ActiveCfg = Release|Any CPU
		{5A66B0B6-2B64-4415-8D2B-D96ABBDADAD8}.Release|Any CPU.Build.0 = Release|Any CPU
	EndGlobalSection
	GlobalSection(SolutionProperties) = preSolution
		HideSolutionNode = FALSE
	EndGlobalSection
	GlobalSection(ExtensibilityGlobals) = postSolution
		SolutionGuid = {E3039C1D-FECD-4726-9CD9-E2563EEACE23}
	EndGlobalSection
EndGlobal
